// !$*UTF8*$!
{
	archiveVersion = 1;
	classes = {
	};
	objectVersion = 50;
	objects = {

/* Begin PBXBuildFile section */
		4EA71F3B224C913C0096AE48 /* AppDelegate.swift in Sources */ = {isa = PBXBuildFile; fileRef = 4EA71F3A224C913C0096AE48 /* AppDelegate.swift */; };
		4EA71F3D224C913C0096AE48 /* ViewController.swift in Sources */ = {isa = PBXBuildFile; fileRef = 4EA71F3C224C913C0096AE48 /* ViewController.swift */; };
		4EA71F40224C913C0096AE48 /* Main.storyboard in Resources */ = {isa = PBXBuildFile; fileRef = 4EA71F3E224C913C0096AE48 /* Main.storyboard */; };
		4EA71F42224C913D0096AE48 /* Assets.xcassets in Resources */ = {isa = PBXBuildFile; fileRef = 4EA71F41224C913D0096AE48 /* Assets.xcassets */; };
		4EA71F45224C913E0096AE48 /* LaunchScreen.storyboard in Resources */ = {isa = PBXBuildFile; fileRef = 4EA71F43224C913E0096AE48 /* LaunchScreen.storyboard */; };
		4EA71F51224C959D0096AE48 /* frame1.png in Resources */ = {isa = PBXBuildFile; fileRef = 4EA71F4C224C959C0096AE48 /* frame1.png */; };
		4EA71F52224C959D0096AE48 /* frame3.png in Resources */ = {isa = PBXBuildFile; fileRef = 4EA71F4D224C959D0096AE48 /* frame3.png */; };
		4EA71F53224C959D0096AE48 /* frame5.png in Resources */ = {isa = PBXBuildFile; fileRef = 4EA71F4E224C959D0096AE48 /* frame5.png */; };
		4EA71F54224C959D0096AE48 /* frame2.png in Resources */ = {isa = PBXBuildFile; fileRef = 4EA71F4F224C959D0096AE48 /* frame2.png */; };
		4EA71F55224C959D0096AE48 /* frame4.png in Resources */ = {isa = PBXBuildFile; fileRef = 4EA71F50224C959D0096AE48 /* frame4.png */; };
/* End PBXBuildFile section */

/* Begin PBXFileReference section */
		4EA71F37224C913C0096AE48 /* Alien lmageView 02.app */ = {isa = PBXFileReference; explicitFileType = wrapper.application; includeInIndex = 0; path = "Alien lmageView 02.app"; sourceTree = BUILT_PRODUCTS_DIR; };
		4EA71F3A224C913C0096AE48 /* AppDelegate.swift */ = {isa = PBXFileReference; lastKnownFileType = sourcecode.swift; path = AppDelegate.swift; sourceTree = "<group>"; };
		4EA71F3C224C913C0096AE48 /* ViewController.swift */ = {isa = PBXFileReference; lastKnownFileType = sourcecode.swift; path = ViewController.swift; sourceTree = "<group>"; };
		4EA71F3F224C913C0096AE48 /* Base */ = {isa = PBXFileReference; lastKnownFileType = file.storyboard; name = Base; path = Base.lproj/Main.storyboard; sourceTree = "<group>"; };
		4EA71F41224C913D0096AE48 /* Assets.xcassets */ = {isa = PBXFileReference; lastKnownFileType = folder.assetcatalog; path = Assets.xcassets; sourceTree = "<group>"; };
		4EA71F44224C913E0096AE48 /* Base */ = {isa = PBXFileReference; lastKnownFileType = file.storyboard; name = Base; path = Base.lproj/LaunchScreen.storyboard; sourceTree = "<group>"; };
		4EA71F46224C913E0096AE48 /* Info.plist */ = {isa = PBXFileReference; lastKnownFileType = text.plist.xml; path = Info.plist; sourceTree = "<group>"; };
		4EA71F4C224C959C0096AE48 /* frame1.png */ = {isa = PBXFileReference; lastKnownFileType = image.png; path = frame1.png; sourceTree = "<group>"; };
		4EA71F4D224C959D0096AE48 /* frame3.png */ = {isa = PBXFileReference; lastKnownFileType = image.png; path = frame3.png; sourceTree = "<group>"; };
		4EA71F4E224C959D0096AE48 /* frame5.png */ = {isa = PBXFileReference; lastKnownFileType = image.png; path = frame5.png; sourceTree = "<group>"; };
		4EA71F4F224C959D0096AE48 /* frame2.png */ = {isa = PBXFileReference; lastKnownFileType = image.png; path = frame2.png; sourceTree = "<group>"; };
		4EA71F50224C959D0096AE48 /* frame4.png */ = {isa = PBXFileReference; lastKnownFileType = image.png; path = frame4.png; sourceTree = "<group>"; };
/* End PBXFileReference section */

/* Begin PBXFrameworksBuildPhase section */
		4EA71F34224C913C0096AE48 /* Frameworks */ = {
			isa = PBXFrameworksBuildPhase;
			buildActionMask = 2147483647;
			files = (
			);
			runOnlyForDeploymentPostprocessing = 0;
		};
/* End PBXFrameworksBuildPhase section */

/* Begin PBXGroup section */
		4EA71F2E224C913C0096AE48 = {
			isa = PBXGroup;
			children = (
				4EA71F39224C913C0096AE48 /* Alien lmageView 02 */,
				4EA71F38224C913C0096AE48 /* Products */,
			);
			sourceTree = "<group>";
		};
		4EA71F38224C913C0096AE48 /* Products */ = {
			isa = PBXGroup;
			children = (
				4EA71F37224C913C0096AE48 /* Alien lmageView 02.app */,
			);
			name = Products;
			sourceTree = "<group>";
		};
		4EA71F39224C913C0096AE48 /* Alien lmageView 02 */ = {
			isa = PBXGroup;
			children = (
				4EA71F4C224C959C0096AE48 /* frame1.png */,
				4EA71F4F224C959D0096AE48 /* frame2.png */,
				4EA71F4D224C959D0096AE48 /* frame3.png */,
				4EA71F50224C959D0096AE48 /* frame4.png */,
				4EA71F4E224C959D0096AE48 /* frame5.png */,
				4EA71F3A224C913C0096AE48 /* AppDelegate.swift */,
				4EA71F3C224C913C0096AE48 /* ViewController.swift */,
				4EA71F3E224C913C0096AE48 /* Main.storyboard */,
				4EA71F41224C913D0096AE48 /* Assets.xcassets */,
				4EA71F43224C913E0096AE48 /* LaunchScreen.storyboard */,
				4EA71F46224C913E0096AE48 /* Info.plist */,
			);
			path = "Alien lmageView 02";
			sourceTree = "<group>";
		};
/* End PBXGroup section */

/* Begin PBXNativeTarget section */
		4EA71F36224C913C0096AE48 /* Alien lmageView 02 */ = {
			isa = PBXNativeTarget;
			buildConfigurationList = 4EA71F49224C913E0096AE48 /* Build configuration list for PBXNativeTarget "Alien lmageView 02" */;
			buildPhases = (
				4EA71F33224C913C0096AE48 /* Sources */,
				4EA71F34224C913C0096AE48 /* Frameworks */,
				4EA71F35224C913C0096AE48 /* Resources */,
			);
			buildRules = (
			);
			dependencies = (
			);
			name = "Alien lmageView 02";
			productName = "Alien lmageView 02";
			productReference = 4EA71F37224C913C0096AE48 /* Alien lmageView 02.app */;
			productType = "com.apple.product-type.application";
		};
/* End PBXNativeTarget section */

/* Begin PBXProject section */
		4EA71F2F224C913C0096AE48 /* Project object */ = {
			isa = PBXProject;
			attributes = {
				LastSwiftUpdateCheck = 1010;
				LastUpgradeCheck = 1010;
				ORGANIZATIONNAME = dit02;
				TargetAttributes = {
					4EA71F36224C913C0096AE48 = {
						CreatedOnToolsVersion = 10.1;
					};
				};
			};
			buildConfigurationList = 4EA71F32224C913C0096AE48 /* Build configuration list for PBXProject "Alien lmageView 02" */;
			compatibilityVersion = "Xcode 9.3";
			developmentRegion = en;
			hasScannedForEncodings = 0;
			knownRegions = (
				en,
				Base,
			);
			mainGroup = 4EA71F2E224C913C0096AE48;
			productRefGroup = 4EA71F38224C913C0096AE48 /* Products */;
			projectDirPath = "";
			projectRoot = "";
			targets = (
				4EA71F36224C913C0096AE48 /* Alien lmageView 02 */,
			);
		};
/* End PBXProject section */

/* Begin PBXResourcesBuildPhase section */
		4EA71F35224C913C0096AE48 /* Resources */ = {
			isa = PBXResourcesBuildPhase;
			buildActionMask = 2147483647;
			files = (
				4EA71F52224C959D0096AE48 /* frame3.png in Resources */,
				4EA71F45224C913E0096AE48 /* LaunchScreen.storyboard in Resources */,
				4EA71F51224C959D0096AE48 /* frame1.png in Resources */,
				4EA71F42224C913D0096AE48 /* Assets.xcassets in Resources */,
				4EA71F55224C959D0096AE48 /* frame4.png in Resources */,
				4EA71F54224C959D0096AE48 /* frame2.png in Resources */,
				4EA71F40224C913C0096AE48 /* Main.storyboard in Resources */,
				4EA71F53224C959D0096AE48 /* frame5.png in Resources */,
			);
			runOnlyForDeploymentPostprocessing = 0;
		};
/* End PBXResourcesBuildPhase section */

/* Begin PBXSourcesBuildPhase section */
		4EA71F33224C913C0096AE48 /* Sources */ = {
			isa = PBXSourcesBuildPhase;
			buildActionMask = 2147483647;
			files = (
				4EA71F3D224C913C0096AE48 /* ViewController.swift in Sources */,
				4EA71F3B224C913C0096AE48 /* AppDelegate.swift in Sources */,
			);
			runOnlyForDeploymentPostprocessing = 0;
		};
/* End PBXSourcesBuildPhase section */

/* Begin PBXVariantGroup section */
		4EA71F3E224C913C0096AE48 /* Main.storyboard */ = {
			isa = PBXVariantGroup;
			children = (
				4EA71F3F224C913C0096AE48 /* Base */,
			);
			name = Main.storyboard;
			sourceTree = "<group>";
		};
		4EA71F43224C913E0096AE48 /* LaunchScreen.storyboard */ = {
			isa = PBXVariantGroup;
			children = (
				4EA71F44224C913E0096AE48 /* Base */,
			);
			name = LaunchScreen.storyboard;
			sourceTree = "<group>";
		};
/* End PBXVariantGroup section */

/* Begin XCBuildConfiguration section */
		4EA71F47224C913E0096AE48 /* Debug */ = {
			isa = XCBuildConfiguration;
			buildSettings = {
				ALWAYS_SEARCH_USER_PATHS = NO;
				CLANG_ANALYZER_NONNULL = YES;
				CLANG_ANALYZER_NUMBER_OBJECT_CONVERSION = YES_AGGRESSIVE;
				CLANG_CXX_LANGUAGE_STANDARD = "gnu++14";
				CLANG_CXX_LIBRARY = "libc++";
				CLANG_ENABLE_MODULES = YES;
				CLANG_ENABLE_OBJC_ARC = YES;
				CLANG_ENABLE_OBJC_WEAK = YES;
				CLANG_WARN_BLOCK_CAPTURE_AUTORELEASING = YES;
				CLANG_WARN_BOOL_CONVERSION = YES;
				CLANG_WARN_COMMA = YES;
				CLANG_WARN_CONSTANT_CONVERSION = YES;
				CLANG_WARN_DEPRECATED_OBJC_IMPLEMENTATIONS = YES;
				CLANG_WARN_DIRECT_OBJC_ISA_USAGE = YES_ERROR;
				CLANG_WARN_DOCUMENTATION_COMMENTS = YES;
				CLANG_WARN_EMPTY_BODY = YES;
				CLANG_WARN_ENUM_CONVERSION = YES;
				CLANG_WARN_INFINITE_RECURSION = YES;
				CLANG_WARN_INT_CONVERSION = YES;
				CLANG_WARN_NON_LITERAL_NULL_CONVERSION = YES;
				CLANG_WARN_OBJC_IMPLICIT_RETAIN_SELF = YES;
				CLANG_WARN_OBJC_LITERAL_CONVERSION = YES;
				CLANG_WARN_OBJC_ROOT_CLASS = YES_ERROR;
				CLANG_WARN_RANGE_LOOP_ANALYSIS = YES;
				CLANG_WARN_STRICT_PROTOTYPES = YES;
				CLANG_WARN_SUSPICIOUS_MOVE = YES;
				CLANG_WARN_UNGUARDED_AVAILABILITY = YES_AGGRESSIVE;
				CLANG_WARN_UNREACHABLE_CODE = YES;
				CLANG_WARN__DUPLICATE_METHOD_MATCH = YES;
				CODE_SIGN_IDENTITY = "iPhone Developer";
				COPY_PHASE_STRIP = NO;
				DEBUG_INFORMATION_FORMAT = dwarf;
				ENABLE_STRICT_OBJC_MSGSEND = YES;
				ENABLE_TESTABILITY = YES;
				GCC_C_LANGUAGE_STANDARD = gnu11;
				GCC_DYNAMIC_NO_PIC = NO;
				GCC_NO_COMMON_BLOCKS = YES;
				GCC_OPTIMIZATION_LEVEL = 0;
				GCC_PREPROCESSOR_DEFINITIONS = (
					"DEBUG=1",
					"$(inherited)",
				);
				GCC_WARN_64_TO_32_BIT_CONVERSION = YES;
				GCC_WARN_ABOUT_RETURN_TYPE = YES_ERROR;
				GCC_WARN_UNDECLARED_SELECTOR = YES;
				GCC_WARN_UNINITIALIZED_AUTOS = YES_AGGRESSIVE;
				GCC_WARN_UNUSED_FUNCTION = YES;
				GCC_WARN_UNUSED_VARIABLE = YES;
				IPHONEOS_DEPLOYMENT_TARGET = 12.1;
				MTL_ENABLE_DEBUG_INFO = INCLUDE_SOURCE;
				MTL_FAST_MATH = YES;
				ONLY_ACTIVE_ARCH = YES;
				SDKROOT = iphoneos;
				SWIFT_ACTIVE_COMPILATION_CONDITIONS = DEBUG;
				SWIFT_OPTIMIZATION_LEVEL = "-Onone";
			};
			name = Debug;
		};
		4EA71F48224C913E0096AE48 /* Release */ = {
			isa = XCBuildConfiguration;
			buildSettings = {
				ALWAYS_SEARCH_USER_PATHS = NO;
				CLANG_ANALYZER_NONNULL = YES;
				CLANG_ANALYZER_NUMBER_OBJECT_CONVERSION = YES_AGGRESSIVE;
				CLANG_CXX_LANGUAGE_STANDARD = "gnu++14";
				CLANG_CXX_LIBRARY = "libc++";
				CLANG_ENABLE_MODULES = YES;
				CLANG_ENABLE_OBJC_ARC = YES;
				CLANG_ENABLE_OBJC_WEAK = YES;
				CLANG_WARN_BLOCK_CAPTURE_AUTORELEASING = YES;
				CLANG_WARN_BOOL_CONVERSION = YES;
				CLANG_WARN_COMMA = YES;
				CLANG_WARN_CONSTANT_CONVERSION = YES;
				CLANG_WARN_DEPRECATED_OBJC_IMPLEMENTATIONS = YES;
				CLANG_WARN_DIRECT_OBJC_ISA_USAGE = YES_ERROR;
				CLANG_WARN_DOCUMENTATION_COMMENTS = YES;
				CLANG_WARN_EMPTY_BODY = YES;
				CLANG_WARN_ENUM_CONVERSION = YES;
				CLANG_WARN_INFINITE_RECURSION = YES;
				CLANG_WARN_INT_CONVERSION = YES;
				CLANG_WARN_NON_LITERAL_NULL_CONVERSION = YES;
				CLANG_WARN_OBJC_IMPLICIT_RETAIN_SELF = YES;
				CLANG_WARN_OBJC_LITERAL_CONVERSION = YES;
				CLANG_WARN_OBJC_ROOT_CLASS = YES_ERROR;
				CLANG_WARN_RANGE_LOOP_ANALYSIS = YES;
				CLANG_WARN_STRICT_PROTOTYPES = YES;
				CLANG_WARN_SUSPICIOUS_MOVE = YES;
				CLANG_WARN_UNGUARDED_AVAILABILITY = YES_AGGRESSIVE;
				CLANG_WARN_UNREACHABLE_CODE = YES;
				CLANG_WARN__DUPLICATE_METHOD_MATCH = YES;
				CODE_SIGN_IDENTITY = "iPhone Developer";
				COPY_PHASE_STRIP = NO;
				DEBUG_INFORMATION_FORMAT = "dwarf-with-dsym";
				ENABLE_NS_ASSERTIONS = NO;
				ENABLE_STRICT_OBJC_MSGSEND = YES;
				GCC_C_LANGUAGE_STANDARD = gnu11;
				GCC_NO_COMMON_BLOCKS = YES;
				GCC_WARN_64_TO_32_BIT_CONVERSION = YES;
				GCC_WARN_ABOUT_RETURN_TYPE = YES_ERROR;
				GCC_WARN_UNDECLARED_SELECTOR = YES;
				GCC_WARN_UNINITIALIZED_AUTOS = YES_AGGRESSIVE;
				GCC_WARN_UNUSED_FUNCTION = YES;
				GCC_WARN_UNUSED_VARIABLE = YES;
				IPHONEOS_DEPLOYMENT_TARGET = 12.1;
				MTL_ENABLE_DEBUG_INFO = NO;
				MTL_FAST_MATH = YES;
				SDKROOT = iphoneos;
				SWIFT_COMPILATION_MODE = wholemodule;
				SWIFT_OPTIMIZATION_LEVEL = "-O";
				VALIDATE_PRODUCT = YES;
			};
			name = Release;
		};
		4EA71F4A224C913E0096AE48 /* Debug */ = {
			isa = XCBuildConfiguration;
			buildSettings = {
				ASSETCATALOG_COMPILER_APPICON_NAME = AppIcon;
				CODE_SIGN_STYLE = Automatic;
				INFOPLIST_FILE = "Alien lmageView 02/Info.plist";
				LD_RUNPATH_SEARCH_PATHS = (
					"$(inherited)",
					"@executable_path/Frameworks",
				);
				PRODUCT_BUNDLE_IDENTIFIER = "gitTest1.Alien-lmageView-02";
				PRODUCT_NAME = "$(TARGET_NAME)";
				SWIFT_VERSION = 4.2;
				TARGETED_DEVICE_FAMILY = "1,2";
			};
			name = Debug;
		};
		4EA71F4B224C913E0096AE48 /* Release */ = {
			isa = XCBuildConfiguration;
			buildSettings = {
				ASSETCATALOG_COMPILER_APPICON_NAME = AppIcon;
				CODE_SIGN_STYLE = Automatic;
				INFOPLIST_FILE = "Alien lmageView 02/Info.plist";
				LD_RUNPATH_SEARCH_PATHS = (
					"$(inherited)",
					"@executable_path/Frameworks",
				);
				PRODUCT_BUNDLE_IDENTIFIER = "gitTest1.Alien-lmageView-02";
				PRODUCT_NAME = "$(TARGET_NAME)";
				SWIFT_VERSION = 4.2;
				TARGETED_DEVICE_FAMILY = "1,2";
			};
			name = Release;
		};
/* End XCBuildConfiguration section */

/* Begin XCConfigurationList section */
		4EA71F32224C913C0096AE48 /* Build configuration list for PBXProject "Alien lmageView 02" */ = {
			isa = XCConfigurationList;
			buildConfigurations = (
				4EA71F47224C913E0096AE48 /* Debug */,
				4EA71F48224C913E0096AE48 /* Release */,
			);
			defaultConfigurationIsVisible = 0;
			defaultConfigurationName = Release;
		};
		4EA71F49224C913E0096AE48 /* Build configuration list for PBXNativeTarget "Alien lmageView 02" */ = {
			isa = XCConfigurationList;
			buildConfigurations = (
				4EA71F4A224C913E0096AE48 /* Debug */,
				4EA71F4B224C913E0096AE48 /* Release */,
			);
			defaultConfigurationIsVisible = 0;
			defaultConfigurationName = Release;
		};
/* End XCConfigurationList section */
	};
	rootObject = 4EA71F2F224C913C0096AE48 /* Project object */;
}
